// !$*UTF8*$!
{
	archiveVersion = 1;
	classes = {
	};
	objectVersion = 56;
	objects = {

/* Begin PBXBuildFile section */
		20D92B782A09989700F5AFF0 /* HomesteadOSApp.swift in Sources */ = {isa = PBXBuildFile; fileRef = 20D92B772A09989700F5AFF0 /* HomesteadOSApp.swift */; };
		20D92B7A2A09989700F5AFF0 /* Persistence.swift in Sources */ = {isa = PBXBuildFile; fileRef = 20D92B792A09989700F5AFF0 /* Persistence.swift */; };
		20D92B7D2A09989700F5AFF0 /* HomesteadOS.xcdatamodeld in Sources */ = {isa = PBXBuildFile; fileRef = 20D92B7B2A09989700F5AFF0 /* HomesteadOS.xcdatamodeld */; };
		20D92B7F2A09989700F5AFF0 /* ContentView.swift in Sources */ = {isa = PBXBuildFile; fileRef = 20D92B7E2A09989700F5AFF0 /* ContentView.swift */; };
		20D92B812A09989A00F5AFF0 /* Assets.xcassets in Resources */ = {isa = PBXBuildFile; fileRef = 20D92B802A09989A00F5AFF0 /* Assets.xcassets */; };
		20D92B852A09989A00F5AFF0 /* Preview Assets.xcassets in Resources */ = {isa = PBXBuildFile; fileRef = 20D92B842A09989A00F5AFF0 /* Preview Assets.xcassets */; };
		20D92B8F2A09989A00F5AFF0 /* HomesteadOSTests.swift in Sources */ = {isa = PBXBuildFile; fileRef = 20D92B8E2A09989A00F5AFF0 /* HomesteadOSTests.swift */; };
		20D92B992A09989A00F5AFF0 /* HomesteadOSUITests.swift in Sources */ = {isa = PBXBuildFile; fileRef = 20D92B982A09989A00F5AFF0 /* HomesteadOSUITests.swift */; };
		20D92B9B2A09989A00F5AFF0 /* HomesteadOSUITestsLaunchTests.swift in Sources */ = {isa = PBXBuildFile; fileRef = 20D92B9A2A09989A00F5AFF0 /* HomesteadOSUITestsLaunchTests.swift */; };
/* End PBXBuildFile section */

/* Begin PBXContainerItemProxy section */
		20D92B8B2A09989A00F5AFF0 /* PBXContainerItemProxy */ = {
			isa = PBXContainerItemProxy;
			containerPortal = 20D92B6C2A09989700F5AFF0 /* Project object */;
			proxyType = 1;
			remoteGlobalIDString = 20D92B732A09989700F5AFF0;
			remoteInfo = HomesteadOS;
		};
		20D92B952A09989A00F5AFF0 /* PBXContainerItemProxy */ = {
			isa = PBXContainerItemProxy;
			containerPortal = 20D92B6C2A09989700F5AFF0 /* Project object */;
			proxyType = 1;
			remoteGlobalIDString = 20D92B732A09989700F5AFF0;
			remoteInfo = HomesteadOS;
		};
/* End PBXContainerItemProxy section */

/* Begin PBXFileReference section */
		20D92B742A09989700F5AFF0 /* HomesteadOS.app */ = {isa = PBXFileReference; explicitFileType = wrapper.application; includeInIndex = 0; path = HomesteadOS.app; sourceTree = BUILT_PRODUCTS_DIR; };
		20D92B772A09989700F5AFF0 /* HomesteadOSApp.swift */ = {isa = PBXFileReference; lastKnownFileType = sourcecode.swift; path = HomesteadOSApp.swift; sourceTree = "<group>"; };
		20D92B792A09989700F5AFF0 /* Persistence.swift */ = {isa = PBXFileReference; lastKnownFileType = sourcecode.swift; path = Persistence.swift; sourceTree = "<group>"; };
		20D92B7C2A09989700F5AFF0 /* HomesteadOS.xcdatamodel */ = {isa = PBXFileReference; lastKnownFileType = wrapper.xcdatamodel; path = HomesteadOS.xcdatamodel; sourceTree = "<group>"; };
		20D92B7E2A09989700F5AFF0 /* ContentView.swift */ = {isa = PBXFileReference; lastKnownFileType = sourcecode.swift; path = ContentView.swift; sourceTree = "<group>"; };
		20D92B802A09989A00F5AFF0 /* Assets.xcassets */ = {isa = PBXFileReference; lastKnownFileType = folder.assetcatalog; path = Assets.xcassets; sourceTree = "<group>"; };
		20D92B822A09989A00F5AFF0 /* HomesteadOS.entitlements */ = {isa = PBXFileReference; lastKnownFileType = text.plist.entitlements; path = HomesteadOS.entitlements; sourceTree = "<group>"; };
		20D92B842A09989A00F5AFF0 /* Preview Assets.xcassets */ = {isa = PBXFileReference; lastKnownFileType = folder.assetcatalog; path = "Preview Assets.xcassets"; sourceTree = "<group>"; };
		20D92B8A2A09989A00F5AFF0 /* HomesteadOSTests.xctest */ = {isa = PBXFileReference; explicitFileType = wrapper.cfbundle; includeInIndex = 0; path = HomesteadOSTests.xctest; sourceTree = BUILT_PRODUCTS_DIR; };
		20D92B8E2A09989A00F5AFF0 /* HomesteadOSTests.swift */ = {isa = PBXFileReference; lastKnownFileType = sourcecode.swift; path = HomesteadOSTests.swift; sourceTree = "<group>"; };
		20D92B942A09989A00F5AFF0 /* HomesteadOSUITests.xctest */ = {isa = PBXFileReference; explicitFileType = wrapper.cfbundle; includeInIndex = 0; path = HomesteadOSUITests.xctest; sourceTree = BUILT_PRODUCTS_DIR; };
		20D92B982A09989A00F5AFF0 /* HomesteadOSUITests.swift */ = {isa = PBXFileReference; lastKnownFileType = sourcecode.swift; path = HomesteadOSUITests.swift; sourceTree = "<group>"; };
		20D92B9A2A09989A00F5AFF0 /* HomesteadOSUITestsLaunchTests.swift */ = {isa = PBXFileReference; lastKnownFileType = sourcecode.swift; path = HomesteadOSUITestsLaunchTests.swift; sourceTree = "<group>"; };
/* End PBXFileReference section */

/* Begin PBXFrameworksBuildPhase section */
		20D92B712A09989700F5AFF0 /* Frameworks */ = {
			isa = PBXFrameworksBuildPhase;
			buildActionMask = 2147483647;
			files = (
			);
			runOnlyForDeploymentPostprocessing = 0;
		};
		20D92B872A09989A00F5AFF0 /* Frameworks */ = {
			isa = PBXFrameworksBuildPhase;
			buildActionMask = 2147483647;
			files = (
			);
			runOnlyForDeploymentPostprocessing = 0;
		};
		20D92B912A09989A00F5AFF0 /* Frameworks */ = {
			isa = PBXFrameworksBuildPhase;
			buildActionMask = 2147483647;
			files = (
			);
			runOnlyForDeploymentPostprocessing = 0;
		};
/* End PBXFrameworksBuildPhase section */

/* Begin PBXGroup section */
		20D92B6B2A09989700F5AFF0 = {
			isa = PBXGroup;
			children = (
				20D92B762A09989700F5AFF0 /* HomesteadOS */,
				20D92B8D2A09989A00F5AFF0 /* HomesteadOSTests */,
				20D92B972A09989A00F5AFF0 /* HomesteadOSUITests */,
				20D92B752A09989700F5AFF0 /* Products */,
			);
			sourceTree = "<group>";
		};
		20D92B752A09989700F5AFF0 /* Products */ = {
			isa = PBXGroup;
			children = (
				20D92B742A09989700F5AFF0 /* HomesteadOS.app */,
				20D92B8A2A09989A00F5AFF0 /* HomesteadOSTests.xctest */,
				20D92B942A09989A00F5AFF0 /* HomesteadOSUITests.xctest */,
			);
			name = Products;
			sourceTree = "<group>";
		};
		20D92B762A09989700F5AFF0 /* HomesteadOS */ = {
			isa = PBXGroup;
			children = (
				20D92B772A09989700F5AFF0 /* HomesteadOSApp.swift */,
				20D92B792A09989700F5AFF0 /* Persistence.swift */,
				20D92B7E2A09989700F5AFF0 /* ContentView.swift */,
				20D92B802A09989A00F5AFF0 /* Assets.xcassets */,
				20D92B822A09989A00F5AFF0 /* HomesteadOS.entitlements */,
				20D92B7B2A09989700F5AFF0 /* HomesteadOS.xcdatamodeld */,
				20D92B832A09989A00F5AFF0 /* Preview Content */,
			);
			path = HomesteadOS;
			sourceTree = "<group>";
		};
		20D92B832A09989A00F5AFF0 /* Preview Content */ = {
			isa = PBXGroup;
			children = (
				20D92B842A09989A00F5AFF0 /* Preview Assets.xcassets */,
			);
			path = "Preview Content";
			sourceTree = "<group>";
		};
		20D92B8D2A09989A00F5AFF0 /* HomesteadOSTests */ = {
			isa = PBXGroup;
			children = (
				20D92B8E2A09989A00F5AFF0 /* HomesteadOSTests.swift */,
			);
			path = HomesteadOSTests;
			sourceTree = "<group>";
		};
		20D92B972A09989A00F5AFF0 /* HomesteadOSUITests */ = {
			isa = PBXGroup;
			children = (
				20D92B982A09989A00F5AFF0 /* HomesteadOSUITests.swift */,
				20D92B9A2A09989A00F5AFF0 /* HomesteadOSUITestsLaunchTests.swift */,
			);
			path = HomesteadOSUITests;
			sourceTree = "<group>";
		};
/* End PBXGroup section */

/* Begin PBXNativeTarget section */
		20D92B732A09989700F5AFF0 /* HomesteadOS */ = {
			isa = PBXNativeTarget;
			buildConfigurationList = 20D92B9E2A09989A00F5AFF0 /* Build configuration list for PBXNativeTarget "HomesteadOS" */;
			buildPhases = (
				20D92B702A09989700F5AFF0 /* Sources */,
				20D92B712A09989700F5AFF0 /* Frameworks */,
				20D92B722A09989700F5AFF0 /* Resources */,
			);
			buildRules = (
			);
			dependencies = (
			);
			name = HomesteadOS;
			productName = HomesteadOS;
			productReference = 20D92B742A09989700F5AFF0 /* HomesteadOS.app */;
			productType = "com.apple.product-type.application";
		};
		20D92B892A09989A00F5AFF0 /* HomesteadOSTests */ = {
			isa = PBXNativeTarget;
			buildConfigurationList = 20D92BA12A09989A00F5AFF0 /* Build configuration list for PBXNativeTarget "HomesteadOSTests" */;
			buildPhases = (
				20D92B862A09989A00F5AFF0 /* Sources */,
				20D92B872A09989A00F5AFF0 /* Frameworks */,
				20D92B882A09989A00F5AFF0 /* Resources */,
			);
			buildRules = (
			);
			dependencies = (
				20D92B8C2A09989A00F5AFF0 /* PBXTargetDependency */,
			);
			name = HomesteadOSTests;
			productName = HomesteadOSTests;
			productReference = 20D92B8A2A09989A00F5AFF0 /* HomesteadOSTests.xctest */;
			productType = "com.apple.product-type.bundle.unit-test";
		};
		20D92B932A09989A00F5AFF0 /* HomesteadOSUITests */ = {
			isa = PBXNativeTarget;
			buildConfigurationList = 20D92BA42A09989A00F5AFF0 /* Build configuration list for PBXNativeTarget "HomesteadOSUITests" */;
			buildPhases = (
				20D92B902A09989A00F5AFF0 /* Sources */,
				20D92B912A09989A00F5AFF0 /* Frameworks */,
				20D92B922A09989A00F5AFF0 /* Resources */,
			);
			buildRules = (
			);
			dependencies = (
				20D92B962A09989A00F5AFF0 /* PBXTargetDependency */,
			);
			name = HomesteadOSUITests;
			productName = HomesteadOSUITests;
			productReference = 20D92B942A09989A00F5AFF0 /* HomesteadOSUITests.xctest */;
			productType = "com.apple.product-type.bundle.ui-testing";
		};
/* End PBXNativeTarget section */

/* Begin PBXProject section */
		20D92B6C2A09989700F5AFF0 /* Project object */ = {
			isa = PBXProject;
			attributes = {
				BuildIndependentTargetsInParallel = 1;
				LastSwiftUpdateCheck = 1430;
				LastUpgradeCheck = 1430;
				TargetAttributes = {
					20D92B732A09989700F5AFF0 = {
						CreatedOnToolsVersion = 14.3;
					};
					20D92B892A09989A00F5AFF0 = {
						CreatedOnToolsVersion = 14.3;
						TestTargetID = 20D92B732A09989700F5AFF0;
					};
					20D92B932A09989A00F5AFF0 = {
						CreatedOnToolsVersion = 14.3;
						TestTargetID = 20D92B732A09989700F5AFF0;
					};
				};
			};
			buildConfigurationList = 20D92B6F2A09989700F5AFF0 /* Build configuration list for PBXProject "HomesteadOS" */;
			compatibilityVersion = "Xcode 14.0";
			developmentRegion = en;
			hasScannedForEncodings = 0;
			knownRegions = (
				en,
				Base,
			);
			mainGroup = 20D92B6B2A09989700F5AFF0;
			productRefGroup = 20D92B752A09989700F5AFF0 /* Products */;
			projectDirPath = "";
			projectRoot = "";
			targets = (
				20D92B732A09989700F5AFF0 /* HomesteadOS */,
				20D92B892A09989A00F5AFF0 /* HomesteadOSTests */,
				20D92B932A09989A00F5AFF0 /* HomesteadOSUITests */,
			);
		};
/* End PBXProject section */

/* Begin PBXResourcesBuildPhase section */
		20D92B722A09989700F5AFF0 /* Resources */ = {
			isa = PBXResourcesBuildPhase;
			buildActionMask = 2147483647;
			files = (
				20D92B852A09989A00F5AFF0 /* Preview Assets.xcassets in Resources */,
				20D92B812A09989A00F5AFF0 /* Assets.xcassets in Resources */,
			);
			runOnlyForDeploymentPostprocessing = 0;
		};
		20D92B882A09989A00F5AFF0 /* Resources */ = {
			isa = PBXResourcesBuildPhase;
			buildActionMask = 2147483647;
			files = (
			);
			runOnlyForDeploymentPostprocessing = 0;
		};
		20D92B922A09989A00F5AFF0 /* Resources */ = {
			isa = PBXResourcesBuildPhase;
			buildActionMask = 2147483647;
			files = (
			);
			runOnlyForDeploymentPostprocessing = 0;
		};
/* End PBXResourcesBuildPhase section */

/* Begin PBXSourcesBuildPhase section */
		20D92B702A09989700F5AFF0 /* Sources */ = {
			isa = PBXSourcesBuildPhase;
			buildActionMask = 2147483647;
			files = (
				20D92B782A09989700F5AFF0 /* HomesteadOSApp.swift in Sources */,
				20D92B7A2A09989700F5AFF0 /* Persistence.swift in Sources */,
				20D92B7F2A09989700F5AFF0 /* ContentView.swift in Sources */,
				20D92B7D2A09989700F5AFF0 /* HomesteadOS.xcdatamodeld in Sources */,
			);
			runOnlyForDeploymentPostprocessing = 0;
		};
		20D92B862A09989A00F5AFF0 /* Sources */ = {
			isa = PBXSourcesBuildPhase;
			buildActionMask = 2147483647;
			files = (
				20D92B8F2A09989A00F5AFF0 /* HomesteadOSTests.swift in Sources */,
			);
			runOnlyForDeploymentPostprocessing = 0;
		};
		20D92B902A09989A00F5AFF0 /* Sources */ = {
			isa = PBXSourcesBuildPhase;
			buildActionMask = 2147483647;
			files = (
				20D92B992A09989A00F5AFF0 /* HomesteadOSUITests.swift in Sources */,
				20D92B9B2A09989A00F5AFF0 /* HomesteadOSUITestsLaunchTests.swift in Sources */,
			);
			runOnlyForDeploymentPostprocessing = 0;
		};
/* End PBXSourcesBuildPhase section */

/* Begin PBXTargetDependency section */
		20D92B8C2A09989A00F5AFF0 /* PBXTargetDependency */ = {
			isa = PBXTargetDependency;
			target = 20D92B732A09989700F5AFF0 /* HomesteadOS */;
			targetProxy = 20D92B8B2A09989A00F5AFF0 /* PBXContainerItemProxy */;
		};
		20D92B962A09989A00F5AFF0 /* PBXTargetDependency */ = {
			isa = PBXTargetDependency;
			target = 20D92B732A09989700F5AFF0 /* HomesteadOS */;
			targetProxy = 20D92B952A09989A00F5AFF0 /* PBXContainerItemProxy */;
		};
/* End PBXTargetDependency section */

/* Begin XCBuildConfiguration section */
		20D92B9C2A09989A00F5AFF0 /* Debug */ = {
			isa = XCBuildConfiguration;
			buildSettings = {
				ALWAYS_SEARCH_USER_PATHS = NO;
				CLANG_ANALYZER_NONNULL = YES;
				CLANG_ANALYZER_NUMBER_OBJECT_CONVERSION = YES_AGGRESSIVE;
				CLANG_CXX_LANGUAGE_STANDARD = "gnu++20";
				CLANG_ENABLE_MODULES = YES;
				CLANG_ENABLE_OBJC_ARC = YES;
				CLANG_ENABLE_OBJC_WEAK = YES;
				CLANG_WARN_BLOCK_CAPTURE_AUTORELEASING = YES;
				CLANG_WARN_BOOL_CONVERSION = YES;
				CLANG_WARN_COMMA = YES;
				CLANG_WARN_CONSTANT_CONVERSION = YES;
				CLANG_WARN_DEPRECATED_OBJC_IMPLEMENTATIONS = YES;
				CLANG_WARN_DIRECT_OBJC_ISA_USAGE = YES_ERROR;
				CLANG_WARN_DOCUMENTATION_COMMENTS = YES;
				CLANG_WARN_EMPTY_BODY = YES;
				CLANG_WARN_ENUM_CONVERSION = YES;
				CLANG_WARN_INFINITE_RECURSION = YES;
				CLANG_WARN_INT_CONVERSION = YES;
				CLANG_WARN_NON_LITERAL_NULL_CONVERSION = YES;
				CLANG_WARN_OBJC_IMPLICIT_RETAIN_SELF = YES;
				CLANG_WARN_OBJC_LITERAL_CONVERSION = YES;
				CLANG_WARN_OBJC_ROOT_CLASS = YES_ERROR;
				CLANG_WARN_QUOTED_INCLUDE_IN_FRAMEWORK_HEADER = YES;
				CLANG_WARN_RANGE_LOOP_ANALYSIS = YES;
				CLANG_WARN_STRICT_PROTOTYPES = YES;
				CLANG_WARN_SUSPICIOUS_MOVE = YES;
				CLANG_WARN_UNGUARDED_AVAILABILITY = YES_AGGRESSIVE;
				CLANG_WARN_UNREACHABLE_CODE = YES;
				CLANG_WARN__DUPLICATE_METHOD_MATCH = YES;
				COPY_PHASE_STRIP = NO;
				DEBUG_INFORMATION_FORMAT = dwarf;
				ENABLE_STRICT_OBJC_MSGSEND = YES;
				ENABLE_TESTABILITY = YES;
				GCC_C_LANGUAGE_STANDARD = gnu11;
				GCC_DYNAMIC_NO_PIC = NO;
				GCC_NO_COMMON_BLOCKS = YES;
				GCC_OPTIMIZATION_LEVEL = 0;
				GCC_PREPROCESSOR_DEFINITIONS = (
					"DEBUG=1",
					"$(inherited)",
				);
				GCC_WARN_64_TO_32_BIT_CONVERSION = YES;
				GCC_WARN_ABOUT_RETURN_TYPE = YES_ERROR;
				GCC_WARN_UNDECLARED_SELECTOR = YES;
				GCC_WARN_UNINITIALIZED_AUTOS = YES_AGGRESSIVE;
				GCC_WARN_UNUSED_FUNCTION = YES;
				GCC_WARN_UNUSED_VARIABLE = YES;
				MTL_ENABLE_DEBUG_INFO = INCLUDE_SOURCE;
				MTL_FAST_MATH = YES;
				ONLY_ACTIVE_ARCH = YES;
				SWIFT_ACTIVE_COMPILATION_CONDITIONS = DEBUG;
				SWIFT_OPTIMIZATION_LEVEL = "-Onone";
			};
			name = Debug;
		};
		20D92B9D2A09989A00F5AFF0 /* Release */ = {
			isa = XCBuildConfiguration;
			buildSettings = {
				ALWAYS_SEARCH_USER_PATHS = NO;
				CLANG_ANALYZER_NONNULL = YES;
				CLANG_ANALYZER_NUMBER_OBJECT_CONVERSION = YES_AGGRESSIVE;
				CLANG_CXX_LANGUAGE_STANDARD = "gnu++20";
				CLANG_ENABLE_MODULES = YES;
				CLANG_ENABLE_OBJC_ARC = YES;
				CLANG_ENABLE_OBJC_WEAK = YES;
				CLANG_WARN_BLOCK_CAPTURE_AUTORELEASING = YES;
				CLANG_WARN_BOOL_CONVERSION = YES;
				CLANG_WARN_COMMA = YES;
				CLANG_WARN_CONSTANT_CONVERSION = YES;
				CLANG_WARN_DEPRECATED_OBJC_IMPLEMENTATIONS = YES;
				CLANG_WARN_DIRECT_OBJC_ISA_USAGE = YES_ERROR;
				CLANG_WARN_DOCUMENTATION_COMMENTS = YES;
				CLANG_WARN_EMPTY_BODY = YES;
				CLANG_WARN_ENUM_CONVERSION = YES;
				CLANG_WARN_INFINITE_RECURSION = YES;
				CLANG_WARN_INT_CONVERSION = YES;
				CLANG_WARN_NON_LITERAL_NULL_CONVERSION = YES;
				CLANG_WARN_OBJC_IMPLICIT_RETAIN_SELF = YES;
				CLANG_WARN_OBJC_LITERAL_CONVERSION = YES;
				CLANG_WARN_OBJC_ROOT_CLASS = YES_ERROR;
				CLANG_WARN_QUOTED_INCLUDE_IN_FRAMEWORK_HEADER = YES;
				CLANG_WARN_RANGE_LOOP_ANALYSIS = YES;
				CLANG_WARN_STRICT_PROTOTYPES = YES;
				CLANG_WARN_SUSPICIOUS_MOVE = YES;
				CLANG_WARN_UNGUARDED_AVAILABILITY = YES_AGGRESSIVE;
				CLANG_WARN_UNREACHABLE_CODE = YES;
				CLANG_WARN__DUPLICATE_METHOD_MATCH = YES;
				COPY_PHASE_STRIP = NO;
				DEBUG_INFORMATION_FORMAT = "dwarf-with-dsym";
				ENABLE_NS_ASSERTIONS = NO;
				ENABLE_STRICT_OBJC_MSGSEND = YES;
				GCC_C_LANGUAGE_STANDARD = gnu11;
				GCC_NO_COMMON_BLOCKS = YES;
				GCC_WARN_64_TO_32_BIT_CONVERSION = YES;
				GCC_WARN_ABOUT_RETURN_TYPE = YES_ERROR;
				GCC_WARN_UNDECLARED_SELECTOR = YES;
				GCC_WARN_UNINITIALIZED_AUTOS = YES_AGGRESSIVE;
				GCC_WARN_UNUSED_FUNCTION = YES;
				GCC_WARN_UNUSED_VARIABLE = YES;
				MTL_ENABLE_DEBUG_INFO = NO;
				MTL_FAST_MATH = YES;
				SWIFT_COMPILATION_MODE = wholemodule;
				SWIFT_OPTIMIZATION_LEVEL = "-O";
			};
			name = Release;
		};
		20D92B9F2A09989A00F5AFF0 /* Debug */ = {
			isa = XCBuildConfiguration;
			buildSettings = {
				ASSETCATALOG_COMPILER_APPICON_NAME = AppIcon;
				ASSETCATALOG_COMPILER_GLOBAL_ACCENT_COLOR_NAME = AccentColor;
				CODE_SIGN_ENTITLEMENTS = HomesteadOS/HomesteadOS.entitlements;
				CODE_SIGN_STYLE = Automatic;
				CURRENT_PROJECT_VERSION = 1;
				DEVELOPMENT_ASSET_PATHS = "\"HomesteadOS/Preview Content\"";
				DEVELOPMENT_TEAM = VHWFV2V25Z;
				ENABLE_HARDENED_RUNTIME = YES;
				ENABLE_PREVIEWS = YES;
				GENERATE_INFOPLIST_FILE = YES;
				"INFOPLIST_KEY_UIApplicationSceneManifest_Generation[sdk=iphoneos*]" = YES;
				"INFOPLIST_KEY_UIApplicationSceneManifest_Generation[sdk=iphonesimulator*]" = YES;
				"INFOPLIST_KEY_UIApplicationSupportsIndirectInputEvents[sdk=iphoneos*]" = YES;
				"INFOPLIST_KEY_UIApplicationSupportsIndirectInputEvents[sdk=iphonesimulator*]" = YES;
				"INFOPLIST_KEY_UILaunchScreen_Generation[sdk=iphoneos*]" = YES;
				"INFOPLIST_KEY_UILaunchScreen_Generation[sdk=iphonesimulator*]" = YES;
				"INFOPLIST_KEY_UIStatusBarStyle[sdk=iphoneos*]" = UIStatusBarStyleDefault;
				"INFOPLIST_KEY_UIStatusBarStyle[sdk=iphonesimulator*]" = UIStatusBarStyleDefault;
				INFOPLIST_KEY_UISupportedInterfaceOrientations_iPad = "UIInterfaceOrientationPortrait UIInterfaceOrientationPortraitUpsideDown UIInterfaceOrientationLandscapeLeft UIInterfaceOrientationLandscapeRight";
				INFOPLIST_KEY_UISupportedInterfaceOrientations_iPhone = "UIInterfaceOrientationPortrait UIInterfaceOrientationLandscapeLeft UIInterfaceOrientationLandscapeRight";
				IPHONEOS_DEPLOYMENT_TARGET = 16.4;
				LD_RUNPATH_SEARCH_PATHS = "@executable_path/Frameworks";
				"LD_RUNPATH_SEARCH_PATHS[sdk=macosx*]" = "@executable_path/../Frameworks";
				MACOSX_DEPLOYMENT_TARGET = 13.3;
				MARKETING_VERSION = 1.0;
				PRODUCT_BUNDLE_IDENTIFIER = com.homesteados.HomesteadOS;
				PRODUCT_NAME = "$(TARGET_NAME)";
				SDKROOT = auto;
				SUPPORTED_PLATFORMS = "iphoneos iphonesimulator macosx";
				SWIFT_EMIT_LOC_STRINGS = YES;
				SWIFT_VERSION = 5.0;
				TARGETED_DEVICE_FAMILY = "1,2";
			};
			name = Debug;
		};
		20D92BA02A09989A00F5AFF0 /* Release */ = {
			isa = XCBuildConfiguration;
			buildSettings = {
				ASSETCATALOG_COMPILER_APPICON_NAME = AppIcon;
				ASSETCATALOG_COMPILER_GLOBAL_ACCENT_COLOR_NAME = AccentColor;
				CODE_SIGN_ENTITLEMENTS = HomesteadOS/HomesteadOS.entitlements;
				CODE_SIGN_STYLE = Automatic;
				CURRENT_PROJECT_VERSION = 1;
				DEVELOPMENT_ASSET_PATHS = "\"HomesteadOS/Preview Content\"";
				DEVELOPMENT_TEAM = VHWFV2V25Z;
				ENABLE_HARDENED_RUNTIME = YES;
				ENABLE_PREVIEWS = YES;
				GENERATE_INFOPLIST_FILE = YES;
				"INFOPLIST_KEY_UIApplicationSceneManifest_Generation[sdk=iphoneos*]" = YES;
				"INFOPLIST_KEY_UIApplicationSceneManifest_Generation[sdk=iphonesimulator*]" = YES;
				"INFOPLIST_KEY_UIApplicationSupportsIndirectInputEvents[sdk=iphoneos*]" = YES;
				"INFOPLIST_KEY_UIApplicationSupportsIndirectInputEvents[sdk=iphonesimulator*]" = YES;
				"INFOPLIST_KEY_UILaunchScreen_Generation[sdk=iphoneos*]" = YES;
				"INFOPLIST_KEY_UILaunchScreen_Generation[sdk=iphonesimulator*]" = YES;
				"INFOPLIST_KEY_UIStatusBarStyle[sdk=iphoneos*]" = UIStatusBarStyleDefault;
				"INFOPLIST_KEY_UIStatusBarStyle[sdk=iphonesimulator*]" = UIStatusBarStyleDefault;
				INFOPLIST_KEY_UISupportedInterfaceOrientations_iPad = "UIInterfaceOrientationPortrait UIInterfaceOrientationPortraitUpsideDown UIInterfaceOrientationLandscapeLeft UIInterfaceOrientationLandscapeRight";
				INFOPLIST_KEY_UISupportedInterfaceOrientations_iPhone = "UIInterfaceOrientationPortrait UIInterfaceOrientationLandscapeLeft UIInterfaceOrientationLandscapeRight";
				IPHONEOS_DEPLOYMENT_TARGET = 16.4;
				LD_RUNPATH_SEARCH_PATHS = "@executable_path/Frameworks";
				"LD_RUNPATH_SEARCH_PATHS[sdk=macosx*]" = "@executable_path/../Frameworks";
				MACOSX_DEPLOYMENT_TARGET = 13.3;
				MARKETING_VERSION = 1.0;
				PRODUCT_BUNDLE_IDENTIFIER = com.homesteados.HomesteadOS;
				PRODUCT_NAME = "$(TARGET_NAME)";
				SDKROOT = auto;
				SUPPORTED_PLATFORMS = "iphoneos iphonesimulator macosx";
				SWIFT_EMIT_LOC_STRINGS = YES;
				SWIFT_VERSION = 5.0;
				TARGETED_DEVICE_FAMILY = "1,2";
			};
			name = Release;
		};
		20D92BA22A09989A00F5AFF0 /* Debug */ = {
			isa = XCBuildConfiguration;
			buildSettings = {
				ALWAYS_EMBED_SWIFT_STANDARD_LIBRARIES = YES;
				BUNDLE_LOADER = "$(TEST_HOST)";
				CODE_SIGN_STYLE = Automatic;
				CURRENT_PROJECT_VERSION = 1;
				DEVELOPMENT_TEAM = VHWFV2V25Z;
				GENERATE_INFOPLIST_FILE = YES;
				IPHONEOS_DEPLOYMENT_TARGET = 16.4;
				MACOSX_DEPLOYMENT_TARGET = 13.3;
				MARKETING_VERSION = 1.0;
				PRODUCT_BUNDLE_IDENTIFIER = com.homesteados.HomesteadOSTests;
				PRODUCT_NAME = "$(TARGET_NAME)";
				SDKROOT = auto;
				SUPPORTED_PLATFORMS = "iphoneos iphonesimulator macosx";
				SWIFT_EMIT_LOC_STRINGS = NO;
				SWIFT_VERSION = 5.0;
				TARGETED_DEVICE_FAMILY = "1,2";
				TEST_HOST = "$(BUILT_PRODUCTS_DIR)/HomesteadOS.app/$(BUNDLE_EXECUTABLE_FOLDER_PATH)/HomesteadOS";
			};
			name = Debug;
		};
		20D92BA32A09989A00F5AFF0 /* Release */ = {
			isa = XCBuildConfiguration;
			buildSettings = {
				ALWAYS_EMBED_SWIFT_STANDARD_LIBRARIES = YES;
				BUNDLE_LOADER = "$(TEST_HOST)";
				CODE_SIGN_STYLE = Automatic;
				CURRENT_PROJECT_VERSION = 1;
				DEVELOPMENT_TEAM = VHWFV2V25Z;
				GENERATE_INFOPLIST_FILE = YES;
				IPHONEOS_DEPLOYMENT_TARGET = 16.4;
				MACOSX_DEPLOYMENT_TARGET = 13.3;
				MARKETING_VERSION = 1.0;
				PRODUCT_BUNDLE_IDENTIFIER = com.homesteados.HomesteadOSTests;
				PRODUCT_NAME = "$(TARGET_NAME)";
				SDKROOT = auto;
				SUPPORTED_PLATFORMS = "iphoneos iphonesimulator macosx";
				SWIFT_EMIT_LOC_STRINGS = NO;
				SWIFT_VERSION = 5.0;
				TARGETED_DEVICE_FAMILY = "1,2";
				TEST_HOST = "$(BUILT_PRODUCTS_DIR)/HomesteadOS.app/$(BUNDLE_EXECUTABLE_FOLDER_PATH)/HomesteadOS";
			};
			name = Release;
		};
		20D92BA52A09989A00F5AFF0 /* Debug */ = {
			isa = XCBuildConfiguration;
			buildSettings = {
				ALWAYS_EMBED_SWIFT_STANDARD_LIBRARIES = YES;
				CODE_SIGN_STYLE = Automatic;
				CURRENT_PROJECT_VERSION = 1;
				DEVELOPMENT_TEAM = VHWFV2V25Z;
				GENERATE_INFOPLIST_FILE = YES;
				IPHONEOS_DEPLOYMENT_TARGET = 16.4;
				MACOSX_DEPLOYMENT_TARGET = 13.3;
				MARKETING_VERSION = 1.0;
				PRODUCT_BUNDLE_IDENTIFIER = com.homesteados.HomesteadOSUITests;
				PRODUCT_NAME = "$(TARGET_NAME)";
				SDKROOT = auto;
				SUPPORTED_PLATFORMS = "iphoneos iphonesimulator macosx";
				SWIFT_EMIT_LOC_STRINGS = NO;
				SWIFT_VERSION = 5.0;
				TARGETED_DEVICE_FAMILY = "1,2";
				TEST_TARGET_NAME = HomesteadOS;
			};
			name = Debug;
		};
		20D92BA62A09989A00F5AFF0 /* Release */ = {
			isa = XCBuildConfiguration;
			buildSettings = {
				ALWAYS_EMBED_SWIFT_STANDARD_LIBRARIES = YES;
				CODE_SIGN_STYLE = Automatic;
				CURRENT_PROJECT_VERSION = 1;
				DEVELOPMENT_TEAM = VHWFV2V25Z;
				GENERATE_INFOPLIST_FILE = YES;
				IPHONEOS_DEPLOYMENT_TARGET = 16.4;
				MACOSX_DEPLOYMENT_TARGET = 13.3;
				MARKETING_VERSION = 1.0;
				PRODUCT_BUNDLE_IDENTIFIER = com.homesteados.HomesteadOSUITests;
				PRODUCT_NAME = "$(TARGET_NAME)";
				SDKROOT = auto;
				SUPPORTED_PLATFORMS = "iphoneos iphonesimulator macosx";
				SWIFT_EMIT_LOC_STRINGS = NO;
				SWIFT_VERSION = 5.0;
				TARGETED_DEVICE_FAMILY = "1,2";
				TEST_TARGET_NAME = HomesteadOS;
			};
			name = Release;
		};
/* End XCBuildConfiguration section */

/* Begin XCConfigurationList section */
		20D92B6F2A09989700F5AFF0 /* Build configuration list for PBXProject "HomesteadOS" */ = {
			isa = XCConfigurationList;
			buildConfigurations = (
				20D92B9C2A09989A00F5AFF0 /* Debug */,
				20D92B9D2A09989A00F5AFF0 /* Release */,
			);
			defaultConfigurationIsVisible = 0;
			defaultConfigurationName = Release;
		};
		20D92B9E2A09989A00F5AFF0 /* Build configuration list for PBXNativeTarget "HomesteadOS" */ = {
			isa = XCConfigurationList;
			buildConfigurations = (
				20D92B9F2A09989A00F5AFF0 /* Debug */,
				20D92BA02A09989A00F5AFF0 /* Release */,
			);
			defaultConfigurationIsVisible = 0;
			defaultConfigurationName = Release;
		};
		20D92BA12A09989A00F5AFF0 /* Build configuration list for PBXNativeTarget "HomesteadOSTests" */ = {
			isa = XCConfigurationList;
			buildConfigurations = (
				20D92BA22A09989A00F5AFF0 /* Debug */,
				20D92BA32A09989A00F5AFF0 /* Release */,
			);
			defaultConfigurationIsVisible = 0;
			defaultConfigurationName = Release;
		};
		20D92BA42A09989A00F5AFF0 /* Build configuration list for PBXNativeTarget "HomesteadOSUITests" */ = {
			isa = XCConfigurationList;
			buildConfigurations = (
				20D92BA52A09989A00F5AFF0 /* Debug */,
				20D92BA62A09989A00F5AFF0 /* Release */,
			);
			defaultConfigurationIsVisible = 0;
			defaultConfigurationName = Release;
		};
/* End XCConfigurationList section */

/* Begin XCVersionGroup section */
		20D92B7B2A09989700F5AFF0 /* HomesteadOS.xcdatamodeld */ = {
			isa = XCVersionGroup;
			children = (
				20D92B7C2A09989700F5AFF0 /* HomesteadOS.xcdatamodel */,
			);
			currentVersion = 20D92B7C2A09989700F5AFF0 /* HomesteadOS.xcdatamodel */;
			path = HomesteadOS.xcdatamodeld;
			sourceTree = "<group>";
			versionGroupType = wrapper.xcdatamodel;
		};
/* End XCVersionGroup section */
	};
	rootObject = 20D92B6C2A09989700F5AFF0 /* Project object */;
}
